// !$*UTF8*$!
{
	archiveVersion = 1;
	classes = {
	};
	objectVersion = 77;
	objects = {

/* Begin PBXContainerItemProxy section */
		72F8A43F2CA96D100033A802 /* PBXContainerItemProxy */ = {
			isa = PBXContainerItemProxy;
			containerPortal = 72F8A4262CA96D0E0033A802 /* Project object */;
			proxyType = 1;
			remoteGlobalIDString = 72F8A42D2CA96D0E0033A802;
			remoteInfo = challenge1;
		};
		72F8A4492CA96D100033A802 /* PBXContainerItemProxy */ = {
			isa = PBXContainerItemProxy;
			containerPortal = 72F8A4262CA96D0E0033A802 /* Project object */;
			proxyType = 1;
			remoteGlobalIDString = 72F8A42D2CA96D0E0033A802;
			remoteInfo = challenge1;
		};
/* End PBXContainerItemProxy section */

/* Begin PBXFileReference section */
		72F8A42E2CA96D0E0033A802 /* iMind.app */ = {isa = PBXFileReference; explicitFileType = wrapper.application; includeInIndex = 0; path = iMind.app; sourceTree = BUILT_PRODUCTS_DIR; };
		72F8A43E2CA96D100033A802 /* challenge1Tests.xctest */ = {isa = PBXFileReference; explicitFileType = wrapper.cfbundle; includeInIndex = 0; path = challenge1Tests.xctest; sourceTree = BUILT_PRODUCTS_DIR; };
		72F8A4482CA96D100033A802 /* challenge1UITests.xctest */ = {isa = PBXFileReference; explicitFileType = wrapper.cfbundle; includeInIndex = 0; path = challenge1UITests.xctest; sourceTree = BUILT_PRODUCTS_DIR; };
/* End PBXFileReference section */

/* Begin PBXFileSystemSynchronizedRootGroup section */
		72F8A4302CA96D0E0033A802 /* challenge1 */ = {
			isa = PBXFileSystemSynchronizedRootGroup;
			path = challenge1;
			sourceTree = "<group>";
		};
		72F8A4412CA96D100033A802 /* challenge1Tests */ = {
			isa = PBXFileSystemSynchronizedRootGroup;
			path = challenge1Tests;
			sourceTree = "<group>";
		};
		72F8A44B2CA96D100033A802 /* challenge1UITests */ = {
			isa = PBXFileSystemSynchronizedRootGroup;
			path = challenge1UITests;
			sourceTree = "<group>";
		};
/* End PBXFileSystemSynchronizedRootGroup section */

/* Begin PBXFrameworksBuildPhase section */
		72F8A42B2CA96D0E0033A802 /* Frameworks */ = {
			isa = PBXFrameworksBuildPhase;
			buildActionMask = 2147483647;
			files = (
			);
			runOnlyForDeploymentPostprocessing = 0;
		};
		72F8A43B2CA96D100033A802 /* Frameworks */ = {
			isa = PBXFrameworksBuildPhase;
			buildActionMask = 2147483647;
			files = (
			);
			runOnlyForDeploymentPostprocessing = 0;
		};
		72F8A4452CA96D100033A802 /* Frameworks */ = {
			isa = PBXFrameworksBuildPhase;
			buildActionMask = 2147483647;
			files = (
			);
			runOnlyForDeploymentPostprocessing = 0;
		};
/* End PBXFrameworksBuildPhase section */

/* Begin PBXGroup section */
		72F8A4252CA96D0E0033A802 = {
			isa = PBXGroup;
			children = (
				72F8A4302CA96D0E0033A802 /* challenge1 */,
				72F8A4412CA96D100033A802 /* challenge1Tests */,
				72F8A44B2CA96D100033A802 /* challenge1UITests */,
				72F8A42F2CA96D0E0033A802 /* Products */,
			);
			sourceTree = "<group>";
		};
		72F8A42F2CA96D0E0033A802 /* Products */ = {
			isa = PBXGroup;
			children = (
				72F8A42E2CA96D0E0033A802 /* iMind.app */,
				72F8A43E2CA96D100033A802 /* challenge1Tests.xctest */,
				72F8A4482CA96D100033A802 /* challenge1UITests.xctest */,
			);
			name = Products;
			sourceTree = "<group>";
		};
/* End PBXGroup section */

/* Begin PBXNativeTarget section */
		72F8A42D2CA96D0E0033A802 /* iMind */ = {
			isa = PBXNativeTarget;
			buildConfigurationList = 72F8A4522CA96D100033A802 /* Build configuration list for PBXNativeTarget "iMind" */;
			buildPhases = (
				72F8A42A2CA96D0E0033A802 /* Sources */,
				72F8A42B2CA96D0E0033A802 /* Frameworks */,
				72F8A42C2CA96D0E0033A802 /* Resources */,
			);
			buildRules = (
			);
			dependencies = (
			);
			fileSystemSynchronizedGroups = (
				72F8A4302CA96D0E0033A802 /* challenge1 */,
			);
			name = iMind;
			packageProductDependencies = (
			);
			productName = challenge1;
			productReference = 72F8A42E2CA96D0E0033A802 /* iMind.app */;
			productType = "com.apple.product-type.application";
		};
		72F8A43D2CA96D100033A802 /* challenge1Tests */ = {
			isa = PBXNativeTarget;
			buildConfigurationList = 72F8A4552CA96D100033A802 /* Build configuration list for PBXNativeTarget "challenge1Tests" */;
			buildPhases = (
				72F8A43A2CA96D100033A802 /* Sources */,
				72F8A43B2CA96D100033A802 /* Frameworks */,
				72F8A43C2CA96D100033A802 /* Resources */,
			);
			buildRules = (
			);
			dependencies = (
				72F8A4402CA96D100033A802 /* PBXTargetDependency */,
			);
			fileSystemSynchronizedGroups = (
				72F8A4412CA96D100033A802 /* challenge1Tests */,
			);
			name = challenge1Tests;
			packageProductDependencies = (
			);
			productName = challenge1Tests;
			productReference = 72F8A43E2CA96D100033A802 /* challenge1Tests.xctest */;
			productType = "com.apple.product-type.bundle.unit-test";
		};
		72F8A4472CA96D100033A802 /* challenge1UITests */ = {
			isa = PBXNativeTarget;
			buildConfigurationList = 72F8A4582CA96D100033A802 /* Build configuration list for PBXNativeTarget "challenge1UITests" */;
			buildPhases = (
				72F8A4442CA96D100033A802 /* Sources */,
				72F8A4452CA96D100033A802 /* Frameworks */,
				72F8A4462CA96D100033A802 /* Resources */,
			);
			buildRules = (
			);
			dependencies = (
				72F8A44A2CA96D100033A802 /* PBXTargetDependency */,
			);
			fileSystemSynchronizedGroups = (
				72F8A44B2CA96D100033A802 /* challenge1UITests */,
			);
			name = challenge1UITests;
			packageProductDependencies = (
			);
			productName = challenge1UITests;
			productReference = 72F8A4482CA96D100033A802 /* challenge1UITests.xctest */;
			productType = "com.apple.product-type.bundle.ui-testing";
		};
/* End PBXNativeTarget section */

/* Begin PBXProject section */
		72F8A4262CA96D0E0033A802 /* Project object */ = {
			isa = PBXProject;
			attributes = {
				BuildIndependentTargetsInParallel = 1;
				LastSwiftUpdateCheck = 1600;
				LastUpgradeCheck = 1600;
				TargetAttributes = {
					72F8A42D2CA96D0E0033A802 = {
						CreatedOnToolsVersion = 16.0;
					};
					72F8A43D2CA96D100033A802 = {
						CreatedOnToolsVersion = 16.0;
						TestTargetID = 72F8A42D2CA96D0E0033A802;
					};
					72F8A4472CA96D100033A802 = {
						CreatedOnToolsVersion = 16.0;
						TestTargetID = 72F8A42D2CA96D0E0033A802;
					};
				};
			};
			buildConfigurationList = 72F8A4292CA96D0E0033A802 /* Build configuration list for PBXProject "challenge1" */;
			developmentRegion = en;
			hasScannedForEncodings = 0;
			knownRegions = (
				en,
				Base,
			);
			mainGroup = 72F8A4252CA96D0E0033A802;
			minimizedProjectReferenceProxies = 1;
			packageReferences = (
				1E39C31E2CAD85D2001336E2 /* XCLocalSwiftPackageReference "../SDWebImageSwiftUI" */,
			);
			preferredProjectObjectVersion = 77;
			productRefGroup = 72F8A42F2CA96D0E0033A802 /* Products */;
			projectDirPath = "";
			projectRoot = "";
			targets = (
				72F8A42D2CA96D0E0033A802 /* iMind */,
				72F8A43D2CA96D100033A802 /* challenge1Tests */,
				72F8A4472CA96D100033A802 /* challenge1UITests */,
			);
		};
/* End PBXProject section */

/* Begin PBXResourcesBuildPhase section */
		72F8A42C2CA96D0E0033A802 /* Resources */ = {
			isa = PBXResourcesBuildPhase;
			buildActionMask = 2147483647;
			files = (
			);
			runOnlyForDeploymentPostprocessing = 0;
		};
		72F8A43C2CA96D100033A802 /* Resources */ = {
			isa = PBXResourcesBuildPhase;
			buildActionMask = 2147483647;
			files = (
			);
			runOnlyForDeploymentPostprocessing = 0;
		};
		72F8A4462CA96D100033A802 /* Resources */ = {
			isa = PBXResourcesBuildPhase;
			buildActionMask = 2147483647;
			files = (
			);
			runOnlyForDeploymentPostprocessing = 0;
		};
/* End PBXResourcesBuildPhase section */

/* Begin PBXSourcesBuildPhase section */
		72F8A42A2CA96D0E0033A802 /* Sources */ = {
			isa = PBXSourcesBuildPhase;
			buildActionMask = 2147483647;
			files = (
			);
			runOnlyForDeploymentPostprocessing = 0;
		};
		72F8A43A2CA96D100033A802 /* Sources */ = {
			isa = PBXSourcesBuildPhase;
			buildActionMask = 2147483647;
			files = (
			);
			runOnlyForDeploymentPostprocessing = 0;
		};
		72F8A4442CA96D100033A802 /* Sources */ = {
			isa = PBXSourcesBuildPhase;
			buildActionMask = 2147483647;
			files = (
			);
			runOnlyForDeploymentPostprocessing = 0;
		};
/* End PBXSourcesBuildPhase section */

/* Begin PBXTargetDependency section */
		72F8A4402CA96D100033A802 /* PBXTargetDependency */ = {
			isa = PBXTargetDependency;
			target = 72F8A42D2CA96D0E0033A802 /* iMind */;
			targetProxy = 72F8A43F2CA96D100033A802 /* PBXContainerItemProxy */;
		};
		72F8A44A2CA96D100033A802 /* PBXTargetDependency */ = {
			isa = PBXTargetDependency;
			target = 72F8A42D2CA96D0E0033A802 /* iMind */;
			targetProxy = 72F8A4492CA96D100033A802 /* PBXContainerItemProxy */;
		};
/* End PBXTargetDependency section */

/* Begin XCBuildConfiguration section */
		72F8A4502CA96D100033A802 /* Debug */ = {
			isa = XCBuildConfiguration;
			buildSettings = {
				ALWAYS_SEARCH_USER_PATHS = NO;
				ASSETCATALOG_COMPILER_GENERATE_SWIFT_ASSET_SYMBOL_EXTENSIONS = YES;
				CLANG_ANALYZER_NONNULL = YES;
				CLANG_ANALYZER_NUMBER_OBJECT_CONVERSION = YES_AGGRESSIVE;
				CLANG_CXX_LANGUAGE_STANDARD = "gnu++20";
				CLANG_ENABLE_MODULES = YES;
				CLANG_ENABLE_OBJC_ARC = YES;
				CLANG_ENABLE_OBJC_WEAK = YES;
				CLANG_WARN_BLOCK_CAPTURE_AUTORELEASING = YES;
				CLANG_WARN_BOOL_CONVERSION = YES;
				CLANG_WARN_COMMA = YES;
				CLANG_WARN_CONSTANT_CONVERSION = YES;
				CLANG_WARN_DEPRECATED_OBJC_IMPLEMENTATIONS = YES;
				CLANG_WARN_DIRECT_OBJC_ISA_USAGE = YES_ERROR;
				CLANG_WARN_DOCUMENTATION_COMMENTS = YES;
				CLANG_WARN_EMPTY_BODY = YES;
				CLANG_WARN_ENUM_CONVERSION = YES;
				CLANG_WARN_INFINITE_RECURSION = YES;
				CLANG_WARN_INT_CONVERSION = YES;
				CLANG_WARN_NON_LITERAL_NULL_CONVERSION = YES;
				CLANG_WARN_OBJC_IMPLICIT_RETAIN_SELF = YES;
				CLANG_WARN_OBJC_LITERAL_CONVERSION = YES;
				CLANG_WARN_OBJC_ROOT_CLASS = YES_ERROR;
				CLANG_WARN_QUOTED_INCLUDE_IN_FRAMEWORK_HEADER = YES;
				CLANG_WARN_RANGE_LOOP_ANALYSIS = YES;
				CLANG_WARN_STRICT_PROTOTYPES = YES;
				CLANG_WARN_SUSPICIOUS_MOVE = YES;
				CLANG_WARN_UNGUARDED_AVAILABILITY = YES_AGGRESSIVE;
				CLANG_WARN_UNREACHABLE_CODE = YES;
				CLANG_WARN__DUPLICATE_METHOD_MATCH = YES;
				COPY_PHASE_STRIP = NO;
				DEBUG_INFORMATION_FORMAT = dwarf;
				ENABLE_STRICT_OBJC_MSGSEND = YES;
				ENABLE_TESTABILITY = YES;
				ENABLE_USER_SCRIPT_SANDBOXING = YES;
				GCC_C_LANGUAGE_STANDARD = gnu17;
				GCC_DYNAMIC_NO_PIC = NO;
				GCC_NO_COMMON_BLOCKS = YES;
				GCC_OPTIMIZATION_LEVEL = 0;
				GCC_PREPROCESSOR_DEFINITIONS = (
					"DEBUG=1",
					"$(inherited)",
				);
				GCC_WARN_64_TO_32_BIT_CONVERSION = YES;
				GCC_WARN_ABOUT_RETURN_TYPE = YES_ERROR;
				GCC_WARN_UNDECLARED_SELECTOR = YES;
				GCC_WARN_UNINITIALIZED_AUTOS = YES_AGGRESSIVE;
				GCC_WARN_UNUSED_FUNCTION = YES;
				GCC_WARN_UNUSED_VARIABLE = YES;
				IPHONEOS_DEPLOYMENT_TARGET = 18.0;
				LOCALIZATION_PREFERS_STRING_CATALOGS = YES;
				MTL_ENABLE_DEBUG_INFO = INCLUDE_SOURCE;
				MTL_FAST_MATH = YES;
				ONLY_ACTIVE_ARCH = YES;
				SDKROOT = iphoneos;
				SWIFT_ACTIVE_COMPILATION_CONDITIONS = "DEBUG $(inherited)";
				SWIFT_OPTIMIZATION_LEVEL = "-Onone";
			};
			name = Debug;
		};
		72F8A4512CA96D100033A802 /* Release */ = {
			isa = XCBuildConfiguration;
			buildSettings = {
				ALWAYS_SEARCH_USER_PATHS = NO;
				ASSETCATALOG_COMPILER_GENERATE_SWIFT_ASSET_SYMBOL_EXTENSIONS = YES;
				CLANG_ANALYZER_NONNULL = YES;
				CLANG_ANALYZER_NUMBER_OBJECT_CONVERSION = YES_AGGRESSIVE;
				CLANG_CXX_LANGUAGE_STANDARD = "gnu++20";
				CLANG_ENABLE_MODULES = YES;
				CLANG_ENABLE_OBJC_ARC = YES;
				CLANG_ENABLE_OBJC_WEAK = YES;
				CLANG_WARN_BLOCK_CAPTURE_AUTORELEASING = YES;
				CLANG_WARN_BOOL_CONVERSION = YES;
				CLANG_WARN_COMMA = YES;
				CLANG_WARN_CONSTANT_CONVERSION = YES;
				CLANG_WARN_DEPRECATED_OBJC_IMPLEMENTATIONS = YES;
				CLANG_WARN_DIRECT_OBJC_ISA_USAGE = YES_ERROR;
				CLANG_WARN_DOCUMENTATION_COMMENTS = YES;
				CLANG_WARN_EMPTY_BODY = YES;
				CLANG_WARN_ENUM_CONVERSION = YES;
				CLANG_WARN_INFINITE_RECURSION = YES;
				CLANG_WARN_INT_CONVERSION = YES;
				CLANG_WARN_NON_LITERAL_NULL_CONVERSION = YES;
				CLANG_WARN_OBJC_IMPLICIT_RETAIN_SELF = YES;
				CLANG_WARN_OBJC_LITERAL_CONVERSION = YES;
				CLANG_WARN_OBJC_ROOT_CLASS = YES_ERROR;
				CLANG_WARN_QUOTED_INCLUDE_IN_FRAMEWORK_HEADER = YES;
				CLANG_WARN_RANGE_LOOP_ANALYSIS = YES;
				CLANG_WARN_STRICT_PROTOTYPES = YES;
				CLANG_WARN_SUSPICIOUS_MOVE = YES;
				CLANG_WARN_UNGUARDED_AVAILABILITY = YES_AGGRESSIVE;
				CLANG_WARN_UNREACHABLE_CODE = YES;
				CLANG_WARN__DUPLICATE_METHOD_MATCH = YES;
				COPY_PHASE_STRIP = NO;
				DEBUG_INFORMATION_FORMAT = "dwarf-with-dsym";
				ENABLE_NS_ASSERTIONS = NO;
				ENABLE_STRICT_OBJC_MSGSEND = YES;
				ENABLE_USER_SCRIPT_SANDBOXING = YES;
				GCC_C_LANGUAGE_STANDARD = gnu17;
				GCC_NO_COMMON_BLOCKS = YES;
				GCC_WARN_64_TO_32_BIT_CONVERSION = YES;
				GCC_WARN_ABOUT_RETURN_TYPE = YES_ERROR;
				GCC_WARN_UNDECLARED_SELECTOR = YES;
				GCC_WARN_UNINITIALIZED_AUTOS = YES_AGGRESSIVE;
				GCC_WARN_UNUSED_FUNCTION = YES;
				GCC_WARN_UNUSED_VARIABLE = YES;
				IPHONEOS_DEPLOYMENT_TARGET = 18.0;
				LOCALIZATION_PREFERS_STRING_CATALOGS = YES;
				MTL_ENABLE_DEBUG_INFO = NO;
				MTL_FAST_MATH = YES;
				SDKROOT = iphoneos;
				SWIFT_COMPILATION_MODE = wholemodule;
				VALIDATE_PRODUCT = YES;
			};
			name = Release;
		};
		72F8A4532CA96D100033A802 /* Debug */ = {
			isa = XCBuildConfiguration;
			buildSettings = {
				ASSETCATALOG_COMPILER_APPICON_NAME = AppIcon;
				ASSETCATALOG_COMPILER_GLOBAL_ACCENT_COLOR_NAME = AccentColor;
				CODE_SIGN_STYLE = Automatic;
				CURRENT_PROJECT_VERSION = 1;
				DEVELOPMENT_ASSET_PATHS = "\"challenge1/Preview Content\"";
				DEVELOPMENT_TEAM = GD724ZJD7H;
				ENABLE_PREVIEWS = YES;
				GENERATE_INFOPLIST_FILE = YES;
				INFOPLIST_KEY_UIApplicationSceneManifest_Generation = YES;
				INFOPLIST_KEY_UIApplicationSupportsIndirectInputEvents = YES;
				INFOPLIST_KEY_UILaunchScreen_Generation = YES;
				INFOPLIST_KEY_UISupportedInterfaceOrientations_iPad = "UIInterfaceOrientationPortrait UIInterfaceOrientationPortraitUpsideDown UIInterfaceOrientationLandscapeLeft UIInterfaceOrientationLandscapeRight";
				INFOPLIST_KEY_UISupportedInterfaceOrientations_iPhone = "UIInterfaceOrientationPortrait UIInterfaceOrientationLandscapeLeft UIInterfaceOrientationLandscapeRight";
				LD_RUNPATH_SEARCH_PATHS = (
					"$(inherited)",
					"@executable_path/Frameworks",
				);
				MARKETING_VERSION = 1.0;
				PRODUCT_BUNDLE_IDENTIFIER = A.iMind;
				PRODUCT_NAME = "$(TARGET_NAME)";
				SWIFT_EMIT_LOC_STRINGS = YES;
				SWIFT_VERSION = 5.0;
				TARGETED_DEVICE_FAMILY = "1,2";
			};
			name = Debug;
		};
		72F8A4542CA96D100033A802 /* Release */ = {
			isa = XCBuildConfiguration;
			buildSettings = {
				ASSETCATALOG_COMPILER_APPICON_NAME = AppIcon;
				ASSETCATALOG_COMPILER_GLOBAL_ACCENT_COLOR_NAME = AccentColor;
				CODE_SIGN_STYLE = Automatic;
				CURRENT_PROJECT_VERSION = 1;
				DEVELOPMENT_ASSET_PATHS = "\"challenge1/Preview Content\"";
				DEVELOPMENT_TEAM = GD724ZJD7H;
				ENABLE_PREVIEWS = YES;
				GENERATE_INFOPLIST_FILE = YES;
				INFOPLIST_KEY_UIApplicationSceneManifest_Generation = YES;
				INFOPLIST_KEY_UIApplicationSupportsIndirectInputEvents = YES;
				INFOPLIST_KEY_UILaunchScreen_Generation = YES;
				INFOPLIST_KEY_UISupportedInterfaceOrientations_iPad = "UIInterfaceOrientationPortrait UIInterfaceOrientationPortraitUpsideDown UIInterfaceOrientationLandscapeLeft UIInterfaceOrientationLandscapeRight";
				INFOPLIST_KEY_UISupportedInterfaceOrientations_iPhone = "UIInterfaceOrientationPortrait UIInterfaceOrientationLandscapeLeft UIInterfaceOrientationLandscapeRight";
				LD_RUNPATH_SEARCH_PATHS = (
					"$(inherited)",
					"@executable_path/Frameworks",
				);
				MARKETING_VERSION = 1.0;
				PRODUCT_BUNDLE_IDENTIFIER = A.iMind;
				PRODUCT_NAME = "$(TARGET_NAME)";
				SWIFT_EMIT_LOC_STRINGS = YES;
				SWIFT_VERSION = 5.0;
				TARGETED_DEVICE_FAMILY = "1,2";
			};
			name = Release;
		};
		72F8A4562CA96D100033A802 /* Debug */ = {
			isa = XCBuildConfiguration;
			buildSettings = {
				BUNDLE_LOADER = "$(TEST_HOST)";
				CODE_SIGN_STYLE = Automatic;
				CURRENT_PROJECT_VERSION = 1;
				DEVELOPMENT_TEAM = GD724ZJD7H;
				GENERATE_INFOPLIST_FILE = YES;
				IPHONEOS_DEPLOYMENT_TARGET = 18.0;
				MARKETING_VERSION = 1.0;
				PRODUCT_BUNDLE_IDENTIFIER = A.challenge1Tests;
				PRODUCT_NAME = "$(TARGET_NAME)";
				SWIFT_EMIT_LOC_STRINGS = NO;
				SWIFT_VERSION = 5.0;
				TARGETED_DEVICE_FAMILY = "1,2";
				TEST_HOST = "$(BUILT_PRODUCTS_DIR)/challenge1.app/$(BUNDLE_EXECUTABLE_FOLDER_PATH)/challenge1";
			};
			name = Debug;
		};
		72F8A4572CA96D100033A802 /* Release */ = {
			isa = XCBuildConfiguration;
			buildSettings = {
				BUNDLE_LOADER = "$(TEST_HOST)";
				CODE_SIGN_STYLE = Automatic;
				CURRENT_PROJECT_VERSION = 1;
				DEVELOPMENT_TEAM = GD724ZJD7H;
				GENERATE_INFOPLIST_FILE = YES;
				IPHONEOS_DEPLOYMENT_TARGET = 18.0;
				MARKETING_VERSION = 1.0;
				PRODUCT_BUNDLE_IDENTIFIER = A.challenge1Tests;
				PRODUCT_NAME = "$(TARGET_NAME)";
				SWIFT_EMIT_LOC_STRINGS = NO;
				SWIFT_VERSION = 5.0;
				TARGETED_DEVICE_FAMILY = "1,2";
				TEST_HOST = "$(BUILT_PRODUCTS_DIR)/challenge1.app/$(BUNDLE_EXECUTABLE_FOLDER_PATH)/challenge1";
			};
			name = Release;
		};
		72F8A4592CA96D100033A802 /* Debug */ = {
			isa = XCBuildConfiguration;
			buildSettings = {
				CODE_SIGN_STYLE = Automatic;
				CURRENT_PROJECT_VERSION = 1;
				DEVELOPMENT_TEAM = GD724ZJD7H;
				GENERATE_INFOPLIST_FILE = YES;
				MARKETING_VERSION = 1.0;
				PRODUCT_BUNDLE_IDENTIFIER = A.challenge1UITests;
				PRODUCT_NAME = "$(TARGET_NAME)";
				SWIFT_EMIT_LOC_STRINGS = NO;
				SWIFT_VERSION = 5.0;
				TARGETED_DEVICE_FAMILY = "1,2";
				TEST_TARGET_NAME = challenge1;
			};
			name = Debug;
		};
		72F8A45A2CA96D100033A802 /* Release */ = {
			isa = XCBuildConfiguration;
			buildSettings = {
				CODE_SIGN_STYLE = Automatic;
				CURRENT_PROJECT_VERSION = 1;
				DEVELOPMENT_TEAM = GD724ZJD7H;
				GENERATE_INFOPLIST_FILE = YES;
				MARKETING_VERSION = 1.0;
				PRODUCT_BUNDLE_IDENTIFIER = A.challenge1UITests;
				PRODUCT_NAME = "$(TARGET_NAME)";
				SWIFT_EMIT_LOC_STRINGS = NO;
				SWIFT_VERSION = 5.0;
				TARGETED_DEVICE_FAMILY = "1,2";
				TEST_TARGET_NAME = challenge1;
			};
			name = Release;
		};
/* End XCBuildConfiguration section */

/* Begin XCConfigurationList section */
		72F8A4292CA96D0E0033A802 /* Build configuration list for PBXProject "challenge1" */ = {
			isa = XCConfigurationList;
			buildConfigurations = (
				72F8A4502CA96D100033A802 /* Debug */,
				72F8A4512CA96D100033A802 /* Release */,
			);
			defaultConfigurationIsVisible = 0;
			defaultConfigurationName = Release;
		};
		72F8A4522CA96D100033A802 /* Build configuration list for PBXNativeTarget "iMind" */ = {
			isa = XCConfigurationList;
			buildConfigurations = (
				72F8A4532CA96D100033A802 /* Debug */,
				72F8A4542CA96D100033A802 /* Release */,
			);
			defaultConfigurationIsVisible = 0;
			defaultConfigurationName = Release;
		};
		72F8A4552CA96D100033A802 /* Build configuration list for PBXNativeTarget "challenge1Tests" */ = {
			isa = XCConfigurationList;
			buildConfigurations = (
				72F8A4562CA96D100033A802 /* Debug */,
				72F8A4572CA96D100033A802 /* Release */,
			);
			defaultConfigurationIsVisible = 0;
			defaultConfigurationName = Release;
		};
		72F8A4582CA96D100033A802 /* Build configuration list for PBXNativeTarget "challenge1UITests" */ = {
			isa = XCConfigurationList;
			buildConfigurations = (
				72F8A4592CA96D100033A802 /* Debug */,
				72F8A45A2CA96D100033A802 /* Release */,
			);
			defaultConfigurationIsVisible = 0;
			defaultConfigurationName = Release;
		};
/* End XCConfigurationList section */

/* Begin XCLocalSwiftPackageReference section */
		1E39C31E2CAD85D2001336E2 /* XCLocalSwiftPackageReference "../SDWebImageSwiftUI" */ = {
			isa = XCLocalSwiftPackageReference;
			relativePath = ../SDWebImageSwiftUI;
		};
/* End XCLocalSwiftPackageReference section */
	};
	rootObject = 72F8A4262CA96D0E0033A802 /* Project object */;
}
